
Microsoft Visual Studio Solution File, Format Version 10.00
# Visual Studio 2008
Project("{8BC9CEB8-8B4A-11D0-8D11-00A0C91BC942}") = "AS399x_Reader_Suite", "Reader_Tool.vcproj", "{7B59BA72-D532-3469-90A4-81E88DC191EC}"
	ProjectSection(ProjectDependencies) = postProject
		{5F43840D-0F40-44F6-8E1F-BB80B8697353} = {5F43840D-0F40-44F6-8E1F-BB80B8697353}
		{878D283D-76E5-4096-BE69-F212B3EE2DBE} = {878D283D-76E5-4096-BE69-F212B3EE2DBE}
		{2EF86256-AD1F-3543-8BA6-2B4639444087} = {2EF86256-AD1F-3543-8BA6-2B4639444087}
	EndProjectSection
EndProject
Project("{8BC9CEB8-8B4A-11D0-8D11-00A0C91BC942}") = "AMSRegisterMap", "..\..\..\common\GUI\AMSRegisterMap\RegisterMap.vcproj", "{5F43840D-0F40-44F6-8E1F-BB80B8697353}"
EndProject
Project("{8BC9CEB8-8B4A-11D0-8D11-00A0C91BC942}") = "AMSCommunication", "..\..\..\common\GUI\AMSCommunication\AMSCommunication.vcproj", "{878D283D-76E5-4096-BE69-F212B3EE2DBE}"
EndProject
Project("{8BC9CEB8-8B4A-11D0-8D11-00A0C91BC942}") = "AMSQwt", "..\..\..\common\GUI\AMSQwt\qwtd.vcproj", "{2EF86256-AD1F-3543-8BA6-2B4639444087}"
EndProject
Project("{2150E333-8FDC-42A3-9474-1A3956D46DE8}") = "Solution Items", "Solution Items", "{9BB89869-03BC-4E87-9621-EBD39A174A43}"
EndProject
Global
	GlobalSection(SolutionConfigurationPlatforms) = preSolution
		Debug|Win32 = Debug|Win32
		Release|Win32 = Release|Win32
	EndGlobalSection
	GlobalSection(ProjectConfigurationPlatforms) = postSolution
		{7B59BA72-D532-3469-90A4-81E88DC191EC}.Debug|Win32.ActiveCfg = Debug|Win32
		{7B59BA72-D532-3469-90A4-81E88DC191EC}.Debug|Win32.Build.0 = Debug|Win32
		{7B59BA72-D532-3469-90A4-81E88DC191EC}.Release|Win32.ActiveCfg = Release|Win32
		{7B59BA72-D532-3469-90A4-81E88DC191EC}.Release|Win32.Build.0 = Release|Win32
		{5F43840D-0F40-44F6-8E1F-BB80B8697353}.Debug|Win32.ActiveCfg = Debug|Win32
		{5F43840D-0F40-44F6-8E1F-BB80B8697353}.Debug|Win32.Build.0 = Debug|Win32
		{5F43840D-0F40-44F6-8E1F-BB80B8697353}.Release|Win32.ActiveCfg = Release|Win32
		{5F43840D-0F40-44F6-8E1F-BB80B8697353}.Release|Win32.Build.0 = Release|Win32
		{878D283D-76E5-4096-BE69-F212B3EE2DBE}.Debug|Win32.ActiveCfg = Debug|Win32
		{878D283D-76E5-4096-BE69-F212B3EE2DBE}.Debug|Win32.Build.0 = Debug|Win32
		{878D283D-76E5-4096-BE69-F212B3EE2DBE}.Release|Win32.ActiveCfg = Release|Win32
		{878D283D-76E5-4096-BE69-F212B3EE2DBE}.Release|Win32.Build.0 = Release|Win32
		{2EF86256-AD1F-3543-8BA6-2B4639444087}.Debug|Win32.ActiveCfg = Debug|Win32
		{2EF86256-AD1F-3543-8BA6-2B4639444087}.Debug|Win32.Build.0 = Debug|Win32
		{2EF86256-AD1F-3543-8BA6-2B4639444087}.Release|Win32.ActiveCfg = Release|Win32
		{2EF86256-AD1F-3543-8BA6-2B4639444087}.Release|Win32.Build.0 = Release|Win32
	EndGlobalSection
	GlobalSection(SolutionProperties) = preSolution
		HideSolutionNode = FALSE
	EndGlobalSection
EndGlobal
